// !$*UTF8*$!
{
	archiveVersion = 1;
	classes = {
	};
	objectVersion = 56;
	objects = {

/* Begin PBXBuildFile section */
		3DADF7C228F04C1D002CA958 /* AppDelegate.swift in Sources */ = {isa = PBXBuildFile; fileRef = 3DADF7C128F04C1D002CA958 /* AppDelegate.swift */; };
		3DADF7C428F04C1D002CA958 /* SceneDelegate.swift in Sources */ = {isa = PBXBuildFile; fileRef = 3DADF7C328F04C1D002CA958 /* SceneDelegate.swift */; };
		3DADF7C628F04C1D002CA958 /* HomeVC.swift in Sources */ = {isa = PBXBuildFile; fileRef = 3DADF7C528F04C1D002CA958 /* HomeVC.swift */; };
		3DADF7C928F04C1D002CA958 /* Main.storyboard in Resources */ = {isa = PBXBuildFile; fileRef = 3DADF7C728F04C1D002CA958 /* Main.storyboard */; };
		3DADF7CB28F04C1E002CA958 /* Assets.xcassets in Resources */ = {isa = PBXBuildFile; fileRef = 3DADF7CA28F04C1E002CA958 /* Assets.xcassets */; };
		3DADF7CE28F04C1E002CA958 /* LaunchScreen.storyboard in Resources */ = {isa = PBXBuildFile; fileRef = 3DADF7CC28F04C1E002CA958 /* LaunchScreen.storyboard */; };
		3DADF7D728F04F45002CA958 /* HomeContracts.swift in Sources */ = {isa = PBXBuildFile; fileRef = 3DADF7D628F04F45002CA958 /* HomeContracts.swift */; };
		3DADF7DF28F056F2002CA958 /* ArticleModel.swift in Sources */ = {isa = PBXBuildFile; fileRef = 3DADF7DE28F056F2002CA958 /* ArticleModel.swift */; };
		3DADF7E328F71E02002CA958 /* HomeInteractor.swift in Sources */ = {isa = PBXBuildFile; fileRef = 3DADF7E228F71E02002CA958 /* HomeInteractor.swift */; };
		3DADF7E528F71E1B002CA958 /* HomePresenter.swift in Sources */ = {isa = PBXBuildFile; fileRef = 3DADF7E428F71E1A002CA958 /* HomePresenter.swift */; };
		3DADF7E728F71E31002CA958 /* HomeRouter.swift in Sources */ = {isa = PBXBuildFile; fileRef = 3DADF7E628F71E31002CA958 /* HomeRouter.swift */; };
		3DADF7EA28F7211B002CA958 /* NetworkManager.swift in Sources */ = {isa = PBXBuildFile; fileRef = 3DADF7E928F7211B002CA958 /* NetworkManager.swift */; };
/* End PBXBuildFile section */

/* Begin PBXFileReference section */
		3DADF7BE28F04C1D002CA958 /* VIPER-App.app */ = {isa = PBXFileReference; explicitFileType = wrapper.application; includeInIndex = 0; path = "VIPER-App.app"; sourceTree = BUILT_PRODUCTS_DIR; };
		3DADF7C128F04C1D002CA958 /* AppDelegate.swift */ = {isa = PBXFileReference; lastKnownFileType = sourcecode.swift; path = AppDelegate.swift; sourceTree = "<group>"; };
		3DADF7C328F04C1D002CA958 /* SceneDelegate.swift */ = {isa = PBXFileReference; lastKnownFileType = sourcecode.swift; path = SceneDelegate.swift; sourceTree = "<group>"; };
		3DADF7C528F04C1D002CA958 /* HomeVC.swift */ = {isa = PBXFileReference; lastKnownFileType = sourcecode.swift; path = HomeVC.swift; sourceTree = "<group>"; };
		3DADF7C828F04C1D002CA958 /* Base */ = {isa = PBXFileReference; lastKnownFileType = file.storyboard; name = Base; path = Base.lproj/Main.storyboard; sourceTree = "<group>"; };
		3DADF7CA28F04C1E002CA958 /* Assets.xcassets */ = {isa = PBXFileReference; lastKnownFileType = folder.assetcatalog; path = Assets.xcassets; sourceTree = "<group>"; };
		3DADF7CD28F04C1E002CA958 /* Base */ = {isa = PBXFileReference; lastKnownFileType = file.storyboard; name = Base; path = Base.lproj/LaunchScreen.storyboard; sourceTree = "<group>"; };
		3DADF7CF28F04C1E002CA958 /* Info.plist */ = {isa = PBXFileReference; lastKnownFileType = text.plist.xml; path = Info.plist; sourceTree = "<group>"; };
		3DADF7D628F04F45002CA958 /* HomeContracts.swift */ = {isa = PBXFileReference; lastKnownFileType = sourcecode.swift; path = HomeContracts.swift; sourceTree = "<group>"; };
		3DADF7DE28F056F2002CA958 /* ArticleModel.swift */ = {isa = PBXFileReference; lastKnownFileType = sourcecode.swift; path = ArticleModel.swift; sourceTree = "<group>"; };
		3DADF7E228F71E02002CA958 /* HomeInteractor.swift */ = {isa = PBXFileReference; lastKnownFileType = sourcecode.swift; path = HomeInteractor.swift; sourceTree = "<group>"; };
		3DADF7E428F71E1A002CA958 /* HomePresenter.swift */ = {isa = PBXFileReference; lastKnownFileType = sourcecode.swift; path = HomePresenter.swift; sourceTree = "<group>"; };
		3DADF7E628F71E31002CA958 /* HomeRouter.swift */ = {isa = PBXFileReference; lastKnownFileType = sourcecode.swift; path = HomeRouter.swift; sourceTree = "<group>"; };
		3DADF7E928F7211B002CA958 /* NetworkManager.swift */ = {isa = PBXFileReference; lastKnownFileType = sourcecode.swift; path = NetworkManager.swift; sourceTree = "<group>"; };
/* End PBXFileReference section */

/* Begin PBXFrameworksBuildPhase section */
		3DADF7BB28F04C1D002CA958 /* Frameworks */ = {
			isa = PBXFrameworksBuildPhase;
			buildActionMask = 2147483647;
			files = (
			);
			runOnlyForDeploymentPostprocessing = 0;
		};
/* End PBXFrameworksBuildPhase section */

/* Begin PBXGroup section */
		3DADF7B528F04C1D002CA958 = {
			isa = PBXGroup;
			children = (
				3DADF7C028F04C1D002CA958 /* VIPER-App */,
				3DADF7BF28F04C1D002CA958 /* Products */,
			);
			sourceTree = "<group>";
		};
		3DADF7BF28F04C1D002CA958 /* Products */ = {
			isa = PBXGroup;
			children = (
				3DADF7BE28F04C1D002CA958 /* VIPER-App.app */,
			);
			name = Products;
			sourceTree = "<group>";
		};
		3DADF7C028F04C1D002CA958 /* VIPER-App */ = {
			isa = PBXGroup;
			children = (
				3DADF7DA28F05408002CA958 /* App */,
				3DADF7DB28F0540F002CA958 /* Storyboard */,
				3DADF7E028F71DD2002CA958 /* Common */,
				3DADF7DC28F0541F002CA958 /* Modules */,
				3DADF7D928F053AA002CA958 /* Resources */,
			);
			path = "VIPER-App";
			sourceTree = "<group>";
		};
		3DADF7D528F04EEF002CA958 /* Home */ = {
			isa = PBXGroup;
			children = (
				3DADF7C528F04C1D002CA958 /* HomeVC.swift */,
				3DADF7D628F04F45002CA958 /* HomeContracts.swift */,
				3DADF7E228F71E02002CA958 /* HomeInteractor.swift */,
				3DADF7E428F71E1A002CA958 /* HomePresenter.swift */,
				3DADF7E628F71E31002CA958 /* HomeRouter.swift */,
			);
			path = Home;
			sourceTree = "<group>";
		};
		3DADF7D928F053AA002CA958 /* Resources */ = {
			isa = PBXGroup;
			children = (
				3DADF7CA28F04C1E002CA958 /* Assets.xcassets */,
				3DADF7CF28F04C1E002CA958 /* Info.plist */,
			);
			path = Resources;
			sourceTree = "<group>";
		};
		3DADF7DA28F05408002CA958 /* App */ = {
			isa = PBXGroup;
			children = (
				3DADF7C128F04C1D002CA958 /* AppDelegate.swift */,
				3DADF7C328F04C1D002CA958 /* SceneDelegate.swift */,
			);
			path = App;
			sourceTree = "<group>";
		};
		3DADF7DB28F0540F002CA958 /* Storyboard */ = {
			isa = PBXGroup;
			children = (
				3DADF7C728F04C1D002CA958 /* Main.storyboard */,
				3DADF7CC28F04C1E002CA958 /* LaunchScreen.storyboard */,
			);
			path = Storyboard;
			sourceTree = "<group>";
		};
		3DADF7DC28F0541F002CA958 /* Modules */ = {
			isa = PBXGroup;
			children = (
				3DADF7D528F04EEF002CA958 /* Home */,
				3DADF7DD28F0542C002CA958 /* Detail */,
			);
			path = Modules;
			sourceTree = "<group>";
		};
		3DADF7DD28F0542C002CA958 /* Detail */ = {
			isa = PBXGroup;
			children = (
			);
			path = Detail;
			sourceTree = "<group>";
		};
		3DADF7E028F71DD2002CA958 /* Common */ = {
			isa = PBXGroup;
			children = (
				3DADF7E828F7210B002CA958 /* API */,
				3DADF7E128F71DE1002CA958 /* Entity */,
			);
			path = Common;
			sourceTree = "<group>";
		};
		3DADF7E128F71DE1002CA958 /* Entity */ = {
			isa = PBXGroup;
			children = (
				3DADF7DE28F056F2002CA958 /* ArticleModel.swift */,
			);
			path = Entity;
			sourceTree = "<group>";
		};
		3DADF7E828F7210B002CA958 /* API */ = {
			isa = PBXGroup;
			children = (
				3DADF7E928F7211B002CA958 /* NetworkManager.swift */,
			);
			path = API;
			sourceTree = "<group>";
		};
/* End PBXGroup section */

/* Begin PBXNativeTarget section */
		3DADF7BD28F04C1D002CA958 /* VIPER-App */ = {
			isa = PBXNativeTarget;
			buildConfigurationList = 3DADF7D228F04C1E002CA958 /* Build configuration list for PBXNativeTarget "VIPER-App" */;
			buildPhases = (
				3DADF7BA28F04C1D002CA958 /* Sources */,
				3DADF7BB28F04C1D002CA958 /* Frameworks */,
				3DADF7BC28F04C1D002CA958 /* Resources */,
			);
			buildRules = (
			);
			dependencies = (
			);
			name = "VIPER-App";
			productName = "VIPER-App";
			productReference = 3DADF7BE28F04C1D002CA958 /* VIPER-App.app */;
			productType = "com.apple.product-type.application";
		};
/* End PBXNativeTarget section */

/* Begin PBXProject section */
		3DADF7B628F04C1D002CA958 /* Project object */ = {
			isa = PBXProject;
			attributes = {
				BuildIndependentTargetsInParallel = 1;
				LastSwiftUpdateCheck = 1400;
				LastUpgradeCheck = 1400;
				TargetAttributes = {
					3DADF7BD28F04C1D002CA958 = {
						CreatedOnToolsVersion = 14.0.1;
					};
				};
			};
			buildConfigurationList = 3DADF7B928F04C1D002CA958 /* Build configuration list for PBXProject "VIPER-App" */;
			compatibilityVersion = "Xcode 14.0";
			developmentRegion = en;
			hasScannedForEncodings = 0;
			knownRegions = (
				en,
				Base,
			);
			mainGroup = 3DADF7B528F04C1D002CA958;
			productRefGroup = 3DADF7BF28F04C1D002CA958 /* Products */;
			projectDirPath = "";
			projectRoot = "";
			targets = (
				3DADF7BD28F04C1D002CA958 /* VIPER-App */,
			);
		};
/* End PBXProject section */

/* Begin PBXResourcesBuildPhase section */
		3DADF7BC28F04C1D002CA958 /* Resources */ = {
			isa = PBXResourcesBuildPhase;
			buildActionMask = 2147483647;
			files = (
				3DADF7CE28F04C1E002CA958 /* LaunchScreen.storyboard in Resources */,
				3DADF7CB28F04C1E002CA958 /* Assets.xcassets in Resources */,
				3DADF7C928F04C1D002CA958 /* Main.storyboard in Resources */,
			);
			runOnlyForDeploymentPostprocessing = 0;
		};
/* End PBXResourcesBuildPhase section */

/* Begin PBXSourcesBuildPhase section */
		3DADF7BA28F04C1D002CA958 /* Sources */ = {
			isa = PBXSourcesBuildPhase;
			buildActionMask = 2147483647;
			files = (
				3DADF7EA28F7211B002CA958 /* NetworkManager.swift in Sources */,
				3DADF7E528F71E1B002CA958 /* HomePresenter.swift in Sources */,
				3DADF7C628F04C1D002CA958 /* HomeVC.swift in Sources */,
				3DADF7C228F04C1D002CA958 /* AppDelegate.swift in Sources */,
				3DADF7C428F04C1D002CA958 /* SceneDelegate.swift in Sources */,
				3DADF7E328F71E02002CA958 /* HomeInteractor.swift in Sources */,
				3DADF7E728F71E31002CA958 /* HomeRouter.swift in Sources */,
				3DADF7D728F04F45002CA958 /* HomeContracts.swift in Sources */,
				3DADF7DF28F056F2002CA958 /* ArticleModel.swift in Sources */,
			);
			runOnlyForDeploymentPostprocessing = 0;
		};
/* End PBXSourcesBuildPhase section */

/* Begin PBXVariantGroup section */
		3DADF7C728F04C1D002CA958 /* Main.storyboard */ = {
			isa = PBXVariantGroup;
			children = (
				3DADF7C828F04C1D002CA958 /* Base */,
			);
			name = Main.storyboard;
			sourceTree = "<group>";
		};
		3DADF7CC28F04C1E002CA958 /* LaunchScreen.storyboard */ = {
			isa = PBXVariantGroup;
			children = (
				3DADF7CD28F04C1E002CA958 /* Base */,
			);
			name = LaunchScreen.storyboard;
			sourceTree = "<group>";
		};
/* End PBXVariantGroup section */

/* Begin XCBuildConfiguration section */
		3DADF7D028F04C1E002CA958 /* Debug */ = {
			isa = XCBuildConfiguration;
			buildSettings = {
				ALWAYS_SEARCH_USER_PATHS = NO;
				CLANG_ANALYZER_NONNULL = YES;
				CLANG_ANALYZER_NUMBER_OBJECT_CONVERSION = YES_AGGRESSIVE;
				CLANG_CXX_LANGUAGE_STANDARD = "gnu++20";
				CLANG_ENABLE_MODULES = YES;
				CLANG_ENABLE_OBJC_ARC = YES;
				CLANG_ENABLE_OBJC_WEAK = YES;
				CLANG_WARN_BLOCK_CAPTURE_AUTORELEASING = YES;
				CLANG_WARN_BOOL_CONVERSION = YES;
				CLANG_WARN_COMMA = YES;
				CLANG_WARN_CONSTANT_CONVERSION = YES;
				CLANG_WARN_DEPRECATED_OBJC_IMPLEMENTATIONS = YES;
				CLANG_WARN_DIRECT_OBJC_ISA_USAGE = YES_ERROR;
				CLANG_WARN_DOCUMENTATION_COMMENTS = YES;
				CLANG_WARN_EMPTY_BODY = YES;
				CLANG_WARN_ENUM_CONVERSION = YES;
				CLANG_WARN_INFINITE_RECURSION = YES;
				CLANG_WARN_INT_CONVERSION = YES;
				CLANG_WARN_NON_LITERAL_NULL_CONVERSION = YES;
				CLANG_WARN_OBJC_IMPLICIT_RETAIN_SELF = YES;
				CLANG_WARN_OBJC_LITERAL_CONVERSION = YES;
				CLANG_WARN_OBJC_ROOT_CLASS = YES_ERROR;
				CLANG_WARN_QUOTED_INCLUDE_IN_FRAMEWORK_HEADER = YES;
				CLANG_WARN_RANGE_LOOP_ANALYSIS = YES;
				CLANG_WARN_STRICT_PROTOTYPES = YES;
				CLANG_WARN_SUSPICIOUS_MOVE = YES;
				CLANG_WARN_UNGUARDED_AVAILABILITY = YES_AGGRESSIVE;
				CLANG_WARN_UNREACHABLE_CODE = YES;
				CLANG_WARN__DUPLICATE_METHOD_MATCH = YES;
				COPY_PHASE_STRIP = NO;
				DEBUG_INFORMATION_FORMAT = dwarf;
				ENABLE_STRICT_OBJC_MSGSEND = YES;
				ENABLE_TESTABILITY = YES;
				GCC_C_LANGUAGE_STANDARD = gnu11;
				GCC_DYNAMIC_NO_PIC = NO;
				GCC_NO_COMMON_BLOCKS = YES;
				GCC_OPTIMIZATION_LEVEL = 0;
				GCC_PREPROCESSOR_DEFINITIONS = (
					"DEBUG=1",
					"$(inherited)",
				);
				GCC_WARN_64_TO_32_BIT_CONVERSION = YES;
				GCC_WARN_ABOUT_RETURN_TYPE = YES_ERROR;
				GCC_WARN_UNDECLARED_SELECTOR = YES;
				GCC_WARN_UNINITIALIZED_AUTOS = YES_AGGRESSIVE;
				GCC_WARN_UNUSED_FUNCTION = YES;
				GCC_WARN_UNUSED_VARIABLE = YES;
				IPHONEOS_DEPLOYMENT_TARGET = 16.0;
				MTL_ENABLE_DEBUG_INFO = INCLUDE_SOURCE;
				MTL_FAST_MATH = YES;
				ONLY_ACTIVE_ARCH = YES;
				SDKROOT = iphoneos;
				SWIFT_ACTIVE_COMPILATION_CONDITIONS = DEBUG;
				SWIFT_OPTIMIZATION_LEVEL = "-Onone";
			};
			name = Debug;
		};
		3DADF7D128F04C1E002CA958 /* Release */ = {
			isa = XCBuildConfiguration;
			buildSettings = {
				ALWAYS_SEARCH_USER_PATHS = NO;
				CLANG_ANALYZER_NONNULL = YES;
				CLANG_ANALYZER_NUMBER_OBJECT_CONVERSION = YES_AGGRESSIVE;
				CLANG_CXX_LANGUAGE_STANDARD = "gnu++20";
				CLANG_ENABLE_MODULES = YES;
				CLANG_ENABLE_OBJC_ARC = YES;
				CLANG_ENABLE_OBJC_WEAK = YES;
				CLANG_WARN_BLOCK_CAPTURE_AUTORELEASING = YES;
				CLANG_WARN_BOOL_CONVERSION = YES;
				CLANG_WARN_COMMA = YES;
				CLANG_WARN_CONSTANT_CONVERSION = YES;
				CLANG_WARN_DEPRECATED_OBJC_IMPLEMENTATIONS = YES;
				CLANG_WARN_DIRECT_OBJC_ISA_USAGE = YES_ERROR;
				CLANG_WARN_DOCUMENTATION_COMMENTS = YES;
				CLANG_WARN_EMPTY_BODY = YES;
				CLANG_WARN_ENUM_CONVERSION = YES;
				CLANG_WARN_INFINITE_RECURSION = YES;
				CLANG_WARN_INT_CONVERSION = YES;
				CLANG_WARN_NON_LITERAL_NULL_CONVERSION = YES;
				CLANG_WARN_OBJC_IMPLICIT_RETAIN_SELF = YES;
				CLANG_WARN_OBJC_LITERAL_CONVERSION = YES;
				CLANG_WARN_OBJC_ROOT_CLASS = YES_ERROR;
				CLANG_WARN_QUOTED_INCLUDE_IN_FRAMEWORK_HEADER = YES;
				CLANG_WARN_RANGE_LOOP_ANALYSIS = YES;
				CLANG_WARN_STRICT_PROTOTYPES = YES;
				CLANG_WARN_SUSPICIOUS_MOVE = YES;
				CLANG_WARN_UNGUARDED_AVAILABILITY = YES_AGGRESSIVE;
				CLANG_WARN_UNREACHABLE_CODE = YES;
				CLANG_WARN__DUPLICATE_METHOD_MATCH = YES;
				COPY_PHASE_STRIP = NO;
				DEBUG_INFORMATION_FORMAT = "dwarf-with-dsym";
				ENABLE_NS_ASSERTIONS = NO;
				ENABLE_STRICT_OBJC_MSGSEND = YES;
				GCC_C_LANGUAGE_STANDARD = gnu11;
				GCC_NO_COMMON_BLOCKS = YES;
				GCC_WARN_64_TO_32_BIT_CONVERSION = YES;
				GCC_WARN_ABOUT_RETURN_TYPE = YES_ERROR;
				GCC_WARN_UNDECLARED_SELECTOR = YES;
				GCC_WARN_UNINITIALIZED_AUTOS = YES_AGGRESSIVE;
				GCC_WARN_UNUSED_FUNCTION = YES;
				GCC_WARN_UNUSED_VARIABLE = YES;
				IPHONEOS_DEPLOYMENT_TARGET = 16.0;
				MTL_ENABLE_DEBUG_INFO = NO;
				MTL_FAST_MATH = YES;
				SDKROOT = iphoneos;
				SWIFT_COMPILATION_MODE = wholemodule;
				SWIFT_OPTIMIZATION_LEVEL = "-O";
				VALIDATE_PRODUCT = YES;
			};
			name = Release;
		};
		3DADF7D328F04C1E002CA958 /* Debug */ = {
			isa = XCBuildConfiguration;
			buildSettings = {
				ASSETCATALOG_COMPILER_APPICON_NAME = AppIcon;
				ASSETCATALOG_COMPILER_GLOBAL_ACCENT_COLOR_NAME = AccentColor;
				CODE_SIGN_STYLE = Automatic;
				CURRENT_PROJECT_VERSION = 1;
				DEVELOPMENT_TEAM = AWRMXDZRF7;
				GENERATE_INFOPLIST_FILE = YES;
				INFOPLIST_FILE = "VIPER-App/Resources//Info.plist";
				INFOPLIST_KEY_UIApplicationSupportsIndirectInputEvents = YES;
				INFOPLIST_KEY_UILaunchStoryboardName = LaunchScreen;
				INFOPLIST_KEY_UIMainStoryboardFile = Main;
				INFOPLIST_KEY_UISupportedInterfaceOrientations_iPad = "UIInterfaceOrientationPortrait UIInterfaceOrientationPortraitUpsideDown UIInterfaceOrientationLandscapeLeft UIInterfaceOrientationLandscapeRight";
				INFOPLIST_KEY_UISupportedInterfaceOrientations_iPhone = "UIInterfaceOrientationPortrait UIInterfaceOrientationLandscapeLeft UIInterfaceOrientationLandscapeRight";
				LD_RUNPATH_SEARCH_PATHS = (
					"$(inherited)",
					"@executable_path/Frameworks",
				);
				MARKETING_VERSION = 1.0;
				PRODUCT_BUNDLE_IDENTIFIER = "com.FatihGursoy.VIPER-App";
				PRODUCT_NAME = "$(TARGET_NAME)";
				SWIFT_EMIT_LOC_STRINGS = YES;
				SWIFT_VERSION = 5.0;
				TARGETED_DEVICE_FAMILY = "1,2";
			};
			name = Debug;
		};
		3DADF7D428F04C1E002CA958 /* Release */ = {
			isa = XCBuildConfiguration;
			buildSettings = {
				ASSETCATALOG_COMPILER_APPICON_NAME = AppIcon;
				ASSETCATALOG_COMPILER_GLOBAL_ACCENT_COLOR_NAME = AccentColor;
				CODE_SIGN_STYLE = Automatic;
				CURRENT_PROJECT_VERSION = 1;
				DEVELOPMENT_TEAM = AWRMXDZRF7;
				GENERATE_INFOPLIST_FILE = YES;
				INFOPLIST_FILE = "VIPER-App/Resources//Info.plist";
				INFOPLIST_KEY_UIApplicationSupportsIndirectInputEvents = YES;
				INFOPLIST_KEY_UILaunchStoryboardName = LaunchScreen;
				INFOPLIST_KEY_UIMainStoryboardFile = Main;
				INFOPLIST_KEY_UISupportedInterfaceOrientations_iPad = "UIInterfaceOrientationPortrait UIInterfaceOrientationPortraitUpsideDown UIInterfaceOrientationLandscapeLeft UIInterfaceOrientationLandscapeRight";
				INFOPLIST_KEY_UISupportedInterfaceOrientations_iPhone = "UIInterfaceOrientationPortrait UIInterfaceOrientationLandscapeLeft UIInterfaceOrientationLandscapeRight";
				LD_RUNPATH_SEARCH_PATHS = (
					"$(inherited)",
					"@executable_path/Frameworks",
				);
				MARKETING_VERSION = 1.0;
				PRODUCT_BUNDLE_IDENTIFIER = "com.FatihGursoy.VIPER-App";
				PRODUCT_NAME = "$(TARGET_NAME)";
				SWIFT_EMIT_LOC_STRINGS = YES;
				SWIFT_VERSION = 5.0;
				TARGETED_DEVICE_FAMILY = "1,2";
			};
			name = Release;
		};
/* End XCBuildConfiguration section */

/* Begin XCConfigurationList section */
		3DADF7B928F04C1D002CA958 /* Build configuration list for PBXProject "VIPER-App" */ = {
			isa = XCConfigurationList;
			buildConfigurations = (
				3DADF7D028F04C1E002CA958 /* Debug */,
				3DADF7D128F04C1E002CA958 /* Release */,
			);
			defaultConfigurationIsVisible = 0;
			defaultConfigurationName = Release;
		};
		3DADF7D228F04C1E002CA958 /* Build configuration list for PBXNativeTarget "VIPER-App" */ = {
			isa = XCConfigurationList;
			buildConfigurations = (
				3DADF7D328F04C1E002CA958 /* Debug */,
				3DADF7D428F04C1E002CA958 /* Release */,
			);
			defaultConfigurationIsVisible = 0;
			defaultConfigurationName = Release;
		};
/* End XCConfigurationList section */
	};
	rootObject = 3DADF7B628F04C1D002CA958 /* Project object */;
}
